
Microsoft Visual Studio Solution File, Format Version 12.00
# Visual Studio 15
VisualStudioVersion = 15.0.28307.757
MinimumVisualStudioVersion = 10.0.40219.1
Project("{FAE04EC0-301F-11D3-BF4B-00C04F79EFBC}") = "EmpAPI", "EmpAPI\EmpAPI.csproj", "{32527045-6AE2-4EC4-833D-1B5F285A19DB}"
EndProject
Global
	GlobalSection(SolutionConfigurationPlatforms) = preSolution
		Debug|Any CPU = Debug|Any CPU
		Release|Any CPU = Release|Any CPU
	EndGlobalSection
	GlobalSection(ProjectConfigurationPlatforms) = postSolution
		{32527045-6AE2-4EC4-833D-1B5F285A19DB}.Debug|Any CPU.ActiveCfg = Debug|Any CPU
		{32527045-6AE2-4EC4-833D-1B5F285A19DB}.Debug|Any CPU.Build.0 = Debug|Any CPU
		{32527045-6AE2-4EC4-833D-1B5F285A19DB}.Release|Any CPU.ActiveCfg = Release|Any CPU
		{32527045-6AE2-4EC4-833D-1B5F285A19DB}.Release|Any CPU.Build.0 = Release|Any CPU
	EndGlobalSection
	GlobalSection(SolutionProperties) = preSolution
		HideSolutionNode = FALSE
	EndGlobalSection
	GlobalSection(ExtensibilityGlobals) = postSolution
		SolutionGuid = {FC2AFC3F-84D0-4B5B-98C4-A67519668A59}
	EndGlobalSection
EndGlobal
